
Microsoft Visual Studio Solution File, Format Version 12.00
# Visual Studio Version 17
VisualStudioVersion = 17.1.32228.430
MinimumVisualStudioVersion = 10.0.40219.1
Project("{9A19103F-16F7-4668-BE54-9A1E7A4F7556}") = "SimulateTheWorld.Start", "SimulateTheWorld\SimulateTheWorld.Start.csproj", "{4F87F712-2955-48E9-8483-8DA4C924AA53}"
EndProject
Project("{9A19103F-16F7-4668-BE54-9A1E7A4F7556}") = "SimulateTheWorld.GUI.Controls", "SimulateTheWorld.GUI\SimulateTheWorld.GUI.Controls.csproj", "{A6CBAB6C-3F7F-4E09-9785-01F445F1F034}"
EndProject
Project("{9A19103F-16F7-4668-BE54-9A1E7A4F7556}") = "SimulateTheWorld.Graphics.Resources", "SimulateTheWorld.Resources\SimulateTheWorld.Graphics.Resources.csproj", "{3843AFCC-C861-41EF-9355-A3AC2086D140}"
EndProject
Project("{9A19103F-16F7-4668-BE54-9A1E7A4F7556}") = "SimulateTheWorld.GUI.ViewModels", "SimulateTheWorld.ViewModels\SimulateTheWorld.GUI.ViewModels.csproj", "{7DFB9966-1C47-4ABC-8C49-609A91F4086A}"
EndProject
Project("{9A19103F-16F7-4668-BE54-9A1E7A4F7556}") = "SimulateTheWorld.Graphics.Rendering", "SimulateTheWorld.Rendering\SimulateTheWorld.Graphics.Rendering.csproj", "{45A756CE-63C4-45AA-9265-0E6A44E7539E}"
EndProject
Project("{9A19103F-16F7-4668-BE54-9A1E7A4F7556}") = "SimulateTheWorld.Core", "SimulateTheWorld.Core\SimulateTheWorld.Core.csproj", "{3ECC793E-9E25-47C0-8436-10BD68221DAB}"
EndProject
Project("{9A19103F-16F7-4668-BE54-9A1E7A4F7556}") = "SimulateTheWorld.Models", "SimulateTheWorld.Models\SimulateTheWorld.Models.csproj", "{FD6FD9BF-78CE-48AB-A10C-5DBCE7D2311E}"
EndProject
Project("{9A19103F-16F7-4668-BE54-9A1E7A4F7556}") = "SimulateTheWorld.World", "SimulateTheWorld.World\SimulateTheWorld.World.csproj", "{87E8AB51-1EB0-4E0A-B089-BDDC18B26AEA}"
EndProject
Project("{2150E333-8FDC-42A3-9474-1A3956D46DE8}") = "SimulateTheWorld.Graphics", "SimulateTheWorld.Graphics", "{DA744939-0056-4E2C-9420-45DFDF3DBA94}"
EndProject
Project("{9A19103F-16F7-4668-BE54-9A1E7A4F7556}") = "SimulateTheWorld.Graphics.Shapes", "SimulateTheWorld.Graphics.Shapes\SimulateTheWorld.Graphics.Shapes.csproj", "{331295A8-A072-419F-9E96-83B6DD473FE8}"
EndProject
Project("{9A19103F-16F7-4668-BE54-9A1E7A4F7556}") = "SimulateTheWorld.Graphics.Components", "SimulateTheWorld.Graphics.Components\SimulateTheWorld.Graphics.Components.csproj", "{BE2ABDF5-9ED8-41B7-86DA-B5F23D5D3BD1}"
EndProject
Project("{9A19103F-16F7-4668-BE54-9A1E7A4F7556}") = "SimulateTheWorld.Graphics.Data", "SimulateTheWorld.Graphics.Data\SimulateTheWorld.Graphics.Data.csproj", "{E59163E8-1B72-428D-8CA0-B04ED216D9F4}"
EndProject
Project("{2150E333-8FDC-42A3-9474-1A3956D46DE8}") = "SimulateTheWorld.GUI", "SimulateTheWorld.GUI", "{2D1802E8-2C7E-45DE-85CB-C63B633B56A6}"
EndProject
Project("{9A19103F-16F7-4668-BE54-9A1E7A4F7556}") = "SimulateTheWorld.GUI.Resources", "SimulateTheWorld.GUI.Resources\SimulateTheWorld.GUI.Resources.csproj", "{6EDD12F0-D0D5-4490-81A0-F9130E74D0EC}"
EndProject
Project("{2150E333-8FDC-42A3-9474-1A3956D46DE8}") = "SimulateTheWorld.Data", "SimulateTheWorld.Data", "{FAD061C7-1948-4808-B389-CF670BA71E14}"
EndProject
Global
	GlobalSection(SolutionConfigurationPlatforms) = preSolution
		Debug|Any CPU = Debug|Any CPU
		Release|Any CPU = Release|Any CPU
	EndGlobalSection
	GlobalSection(ProjectConfigurationPlatforms) = postSolution
		{4F87F712-2955-48E9-8483-8DA4C924AA53}.Debug|Any CPU.ActiveCfg = Debug|Any CPU
		{4F87F712-2955-48E9-8483-8DA4C924AA53}.Debug|Any CPU.Build.0 = Debug|Any CPU
		{4F87F712-2955-48E9-8483-8DA4C924AA53}.Release|Any CPU.ActiveCfg = Release|Any CPU
		{4F87F712-2955-48E9-8483-8DA4C924AA53}.Release|Any CPU.Build.0 = Release|Any CPU
		{A6CBAB6C-3F7F-4E09-9785-01F445F1F034}.Debug|Any CPU.ActiveCfg = Debug|Any CPU
		{A6CBAB6C-3F7F-4E09-9785-01F445F1F034}.Debug|Any CPU.Build.0 = Debug|Any CPU
		{A6CBAB6C-3F7F-4E09-9785-01F445F1F034}.Release|Any CPU.ActiveCfg = Release|Any CPU
		{A6CBAB6C-3F7F-4E09-9785-01F445F1F034}.Release|Any CPU.Build.0 = Release|Any CPU
		{3843AFCC-C861-41EF-9355-A3AC2086D140}.Debug|Any CPU.ActiveCfg = Debug|Any CPU
		{3843AFCC-C861-41EF-9355-A3AC2086D140}.Debug|Any CPU.Build.0 = Debug|Any CPU
		{3843AFCC-C861-41EF-9355-A3AC2086D140}.Release|Any CPU.ActiveCfg = Release|Any CPU
		{3843AFCC-C861-41EF-9355-A3AC2086D140}.Release|Any CPU.Build.0 = Release|Any CPU
		{7DFB9966-1C47-4ABC-8C49-609A91F4086A}.Debug|Any CPU.ActiveCfg = Debug|Any CPU
		{7DFB9966-1C47-4ABC-8C49-609A91F4086A}.Debug|Any CPU.Build.0 = Debug|Any CPU
		{7DFB9966-1C47-4ABC-8C49-609A91F4086A}.Release|Any CPU.ActiveCfg = Release|Any CPU
		{7DFB9966-1C47-4ABC-8C49-609A91F4086A}.Release|Any CPU.Build.0 = Release|Any CPU
		{45A756CE-63C4-45AA-9265-0E6A44E7539E}.Debug|Any CPU.ActiveCfg = Debug|Any CPU
		{45A756CE-63C4-45AA-9265-0E6A44E7539E}.Debug|Any CPU.Build.0 = Debug|Any CPU
		{45A756CE-63C4-45AA-9265-0E6A44E7539E}.Release|Any CPU.ActiveCfg = Release|Any CPU
		{45A756CE-63C4-45AA-9265-0E6A44E7539E}.Release|Any CPU.Build.0 = Release|Any CPU
		{3ECC793E-9E25-47C0-8436-10BD68221DAB}.Debug|Any CPU.ActiveCfg = Debug|Any CPU
		{3ECC793E-9E25-47C0-8436-10BD68221DAB}.Debug|Any CPU.Build.0 = Debug|Any CPU
		{3ECC793E-9E25-47C0-8436-10BD68221DAB}.Release|Any CPU.ActiveCfg = Release|Any CPU
		{3ECC793E-9E25-47C0-8436-10BD68221DAB}.Release|Any CPU.Build.0 = Release|Any CPU
		{FD6FD9BF-78CE-48AB-A10C-5DBCE7D2311E}.Debug|Any CPU.ActiveCfg = Debug|Any CPU
		{FD6FD9BF-78CE-48AB-A10C-5DBCE7D2311E}.Debug|Any CPU.Build.0 = Debug|Any CPU
		{FD6FD9BF-78CE-48AB-A10C-5DBCE7D2311E}.Release|Any CPU.ActiveCfg = Release|Any CPU
		{FD6FD9BF-78CE-48AB-A10C-5DBCE7D2311E}.Release|Any CPU.Build.0 = Release|Any CPU
		{87E8AB51-1EB0-4E0A-B089-BDDC18B26AEA}.Debug|Any CPU.ActiveCfg = Debug|Any CPU
		{87E8AB51-1EB0-4E0A-B089-BDDC18B26AEA}.Debug|Any CPU.Build.0 = Debug|Any CPU
		{87E8AB51-1EB0-4E0A-B089-BDDC18B26AEA}.Release|Any CPU.ActiveCfg = Release|Any CPU
		{87E8AB51-1EB0-4E0A-B089-BDDC18B26AEA}.Release|Any CPU.Build.0 = Release|Any CPU
		{331295A8-A072-419F-9E96-83B6DD473FE8}.Debug|Any CPU.ActiveCfg = Debug|Any CPU
		{331295A8-A072-419F-9E96-83B6DD473FE8}.Debug|Any CPU.Build.0 = Debug|Any CPU
		{331295A8-A072-419F-9E96-83B6DD473FE8}.Release|Any CPU.ActiveCfg = Release|Any CPU
		{331295A8-A072-419F-9E96-83B6DD473FE8}.Release|Any CPU.Build.0 = Release|Any CPU
		{BE2ABDF5-9ED8-41B7-86DA-B5F23D5D3BD1}.Debug|Any CPU.ActiveCfg = Debug|Any CPU
		{BE2ABDF5-9ED8-41B7-86DA-B5F23D5D3BD1}.Debug|Any CPU.Build.0 = Debug|Any CPU
		{BE2ABDF5-9ED8-41B7-86DA-B5F23D5D3BD1}.Release|Any CPU.ActiveCfg = Release|Any CPU
		{BE2ABDF5-9ED8-41B7-86DA-B5F23D5D3BD1}.Release|Any CPU.Build.0 = Release|Any CPU
		{E59163E8-1B72-428D-8CA0-B04ED216D9F4}.Debug|Any CPU.ActiveCfg = Debug|Any CPU
		{E59163E8-1B72-428D-8CA0-B04ED216D9F4}.Debug|Any CPU.Build.0 = Debug|Any CPU
		{E59163E8-1B72-428D-8CA0-B04ED216D9F4}.Release|Any CPU.ActiveCfg = Release|Any CPU
		{E59163E8-1B72-428D-8CA0-B04ED216D9F4}.Release|Any CPU.Build.0 = Release|Any CPU
		{6EDD12F0-D0D5-4490-81A0-F9130E74D0EC}.Debug|Any CPU.ActiveCfg = Debug|Any CPU
		{6EDD12F0-D0D5-4490-81A0-F9130E74D0EC}.Debug|Any CPU.Build.0 = Debug|Any CPU
		{6EDD12F0-D0D5-4490-81A0-F9130E74D0EC}.Release|Any CPU.ActiveCfg = Release|Any CPU
		{6EDD12F0-D0D5-4490-81A0-F9130E74D0EC}.Release|Any CPU.Build.0 = Release|Any CPU
	EndGlobalSection
	GlobalSection(SolutionProperties) = preSolution
		HideSolutionNode = FALSE
	EndGlobalSection
	GlobalSection(NestedProjects) = preSolution
		{A6CBAB6C-3F7F-4E09-9785-01F445F1F034} = {2D1802E8-2C7E-45DE-85CB-C63B633B56A6}
		{3843AFCC-C861-41EF-9355-A3AC2086D140} = {DA744939-0056-4E2C-9420-45DFDF3DBA94}
		{7DFB9966-1C47-4ABC-8C49-609A91F4086A} = {2D1802E8-2C7E-45DE-85CB-C63B633B56A6}
		{45A756CE-63C4-45AA-9265-0E6A44E7539E} = {DA744939-0056-4E2C-9420-45DFDF3DBA94}
		{331295A8-A072-419F-9E96-83B6DD473FE8} = {DA744939-0056-4E2C-9420-45DFDF3DBA94}
		{BE2ABDF5-9ED8-41B7-86DA-B5F23D5D3BD1} = {DA744939-0056-4E2C-9420-45DFDF3DBA94}
		{E59163E8-1B72-428D-8CA0-B04ED216D9F4} = {DA744939-0056-4E2C-9420-45DFDF3DBA94}
		{6EDD12F0-D0D5-4490-81A0-F9130E74D0EC} = {2D1802E8-2C7E-45DE-85CB-C63B633B56A6}
	EndGlobalSection
	GlobalSection(ExtensibilityGlobals) = postSolution
		SolutionGuid = {CDCD1C92-3413-4B48-B484-6088639B01C4}
	EndGlobalSection
EndGlobal
